<Solution>
  <Folder Name="/src/">
    <Project Path="src/TaskManager.Api/TaskManager.Api.csproj" />
    <Project Path="src/TaskManager.Application/TaskManager.Application.csproj" />
    <Project Path="src/TaskManager.Domain/TaskManager.Domain.csproj" />
    <Project Path="src/TaskManager.Infrastructure/TaskManager.Infrastructure.csproj" />
  </Folder>
  <Folder Name="/tests/">
    <Project Path="tests/TaskManager.Tests/TaskManager.Tests.csproj" />
  </Folder>
</Solution>
